<?xml version="1.0" encoding="utf-8"?>
<Project ToolsVersion="4.0" xmlns="http://schemas.microsoft.com/developer/msbuild/2003">
  <ItemGroup>
    <Filter Include="源文件">
      <UniqueIdentifier>{4FC737F1-C7A5-4376-A066-2A32D752A2FF}</UniqueIdentifier>
      <Extensions>cpp;c;cc;cxx;def;odl;idl;hpj;bat;asm;asmx</Extensions>
    </Filter>
    <Filter Include="头文件">
      <UniqueIdentifier>{93995380-89BD-4b04-88EB-625FBE52EBFB}</UniqueIdentifier>
      <Extensions>h;hh;hpp;hxx;hm;inl;inc;xsd</Extensions>
    </Filter>
    <Filter Include="资源文件">
      <UniqueIdentifier>{67DA6AB6-F800-4c08-8B7A-83BB121AAD01}</UniqueIdentifier>
      <Extensions>rc;ico;cur;bmp;dlg;rc2;rct;bin;rgs;gif;jpg;jpeg;jpe;resx;tiff;tif;png;wav;mfcribbon-ms</Extensions>
    </Filter>
    <Filter Include="源文件\fat32">
      <UniqueIdentifier>{da58ea3b-4d68-48fa-b634-5a5f95f1f6f1}</UniqueIdentifier>
    </Filter>
    <Filter Include="头文件\fat32">
      <UniqueIdentifier>{aa95e45e-bbff-4264-bf23-7e1d7f0493cf}</UniqueIdentifier>
    </Filter>
    <Filter Include="头文件\NTFS">
      <UniqueIdentifier>{8716eccb-53b3-461b-bd5e-0b50a92782fb}</UniqueIdentifier>
    </Filter>
    <Filter Include="源文件\ntfs">
      <UniqueIdentifier>{3ed20729-7a8a-406b-9d5a-ae95adb68016}</UniqueIdentifier>
    </Filter>
    <Filter Include="头文件\soundBlaster">
      <UniqueIdentifier>{19c3dbdb-fe91-4713-a9f2-1ba182640b8c}</UniqueIdentifier>
    </Filter>
    <Filter Include="源文件\soundBlaster">
      <UniqueIdentifier>{316a5d64-474f-4426-8f77-ee153ad2c16c}</UniqueIdentifier>
    </Filter>
    <Filter Include="头文件\ios9660">
      <UniqueIdentifier>{be0e4986-9221-4a19-bdbe-8f8d3fe80b9b}</UniqueIdentifier>
    </Filter>
    <Filter Include="源文件\iso9660">
      <UniqueIdentifier>{cdfeec4a-0293-40d4-909e-1fb8445b1e80}</UniqueIdentifier>
    </Filter>
    <Filter Include="头文件\ext">
      <UniqueIdentifier>{95f502e5-032c-432f-9705-f2067bb59efd}</UniqueIdentifier>
    </Filter>
    <Filter Include="源文件\ext">
      <UniqueIdentifier>{1f655edd-572c-43de-868e-9da7c4f2fd21}</UniqueIdentifier>
    </Filter>
  </ItemGroup>
  <ItemGroup>
    <ClCompile Include="kernel.cpp">
      <Filter>源文件</Filter>
    </ClCompile>
    <ClCompile Include="system.cpp">
      <Filter>源文件</Filter>
    </ClCompile>
    <ClCompile Include="descriptor.cpp">
      <Filter>源文件</Filter>
    </ClCompile>
    <ClCompile Include="video.cpp">
      <Filter>源文件</Filter>
    </ClCompile>
    <ClCompile Include="Utils.cpp">
      <Filter>源文件</Filter>
    </ClCompile>
    <ClCompile Include="mouse.cpp">
      <Filter>源文件</Filter>
    </ClCompile>
    <ClCompile Include="pci.cpp">
      <Filter>源文件</Filter>
    </ClCompile>
    <ClCompile Include="pe.cpp">
      <Filter>源文件</Filter>
    </ClCompile>
    <ClCompile Include="sectorReader.cpp">
      <Filter>源文件</Filter>
    </ClCompile>
    <ClCompile Include="task.cpp">
      <Filter>源文件</Filter>
    </ClCompile>
    <ClCompile Include="satadriver.cpp">
      <Filter>源文件</Filter>
    </ClCompile>
    <ClCompile Include="fat32\FAT32.cpp">
      <Filter>源文件\fat32</Filter>
    </ClCompile>
    <ClCompile Include="fat32\FileUtils.cpp">
      <Filter>源文件\fat32</Filter>
    </ClCompile>
    <ClCompile Include="fat32\FAT32Utils.cpp">
      <Filter>源文件\fat32</Filter>
    </ClCompile>
    <ClCompile Include="fat32\Fat32File.cpp">
      <Filter>源文件\fat32</Filter>
    </ClCompile>
    <ClCompile Include="file.cpp">
      <Filter>源文件</Filter>
    </ClCompile>
    <ClCompile Include="NTFS\ntfs.cpp">
      <Filter>源文件\ntfs</Filter>
    </ClCompile>
    <ClCompile Include="NTFS\ntfsFile.cpp">
      <Filter>源文件\ntfs</Filter>
    </ClCompile>
    <ClCompile Include="atapi.cpp">
      <Filter>源文件</Filter>
    </ClCompile>
    <ClCompile Include="debugger.cpp">
      <Filter>源文件</Filter>
    </ClCompile>
    <ClCompile Include="keyboard.cpp">
      <Filter>源文件</Filter>
    </ClCompile>
    <ClCompile Include="screenUtils.cpp">
      <Filter>源文件</Filter>
    </ClCompile>
    <ClCompile Include="floppy.cpp">
      <Filter>源文件</Filter>
    </ClCompile>
    <ClCompile Include="cmosAlarm.cpp">
      <Filter>源文件</Filter>
    </ClCompile>
    <ClCompile Include="hardware.cpp">
      <Filter>源文件</Filter>
    </ClCompile>
    <ClCompile Include="rs232.cpp">
      <Filter>源文件</Filter>
    </ClCompile>
    <ClCompile Include="v86.cpp">
      <Filter>源文件</Filter>
    </ClCompile>
    <ClCompile Include="speaker.cpp">
      <Filter>源文件</Filter>
    </ClCompile>
    <ClCompile Include="dosProcess.cpp">
      <Filter>源文件</Filter>
    </ClCompile>
    <ClCompile Include="window.cpp">
      <Filter>源文件</Filter>
    </ClCompile>
    <ClCompile Include="soundBlaster\sbPlay.cpp">
      <Filter>源文件\soundBlaster</Filter>
    </ClCompile>
    <ClCompile Include="ios9660\ios9660.cpp">
      <Filter>源文件\iso9660</Filter>
    </ClCompile>
    <ClCompile Include="exception.cpp">
      <Filter>源文件</Filter>
    </ClCompile>
    <ClCompile Include="cmosTimer.cpp">
      <Filter>源文件</Filter>
    </ClCompile>
    <ClCompile Include="servicesProc.cpp">
      <Filter>源文件</Filter>
    </ClCompile>
    <ClCompile Include="slab.cpp">
      <Filter>源文件</Filter>
    </ClCompile>
    <ClCompile Include="ListEntry.cpp">
      <Filter>源文件</Filter>
    </ClCompile>
    <ClCompile Include="peVirtual.cpp">
      <Filter>源文件</Filter>
    </ClCompile>
    <ClCompile Include="systemTimer.cpp">
      <Filter>源文件</Filter>
    </ClCompile>
    <ClCompile Include="page.cpp">
      <Filter>源文件</Filter>
    </ClCompile>
    <ClCompile Include="Thread.cpp">
      <Filter>源文件</Filter>
    </ClCompile>
    <ClCompile Include="coprocessor.cpp">
      <Filter>源文件</Filter>
    </ClCompile>
    <ClCompile Include="gdi.cpp">
      <Filter>源文件</Filter>
    </ClCompile>
    <ClCompile Include="math.cpp">
      <Filter>源文件</Filter>
    </ClCompile>
    <ClCompile Include="memory.cpp">
      <Filter>源文件</Filter>
    </ClCompile>
    <ClCompile Include="process.cpp">
      <Filter>源文件</Filter>
    </ClCompile>
    <ClCompile Include="PEresource.cpp">
      <Filter>源文件</Filter>
    </ClCompile>
    <ClCompile Include="hpet.cpp">
      <Filter>源文件</Filter>
    </ClCompile>
    <ClCompile Include="acpi.cpp">
      <Filter>源文件</Filter>
    </ClCompile>
    <ClCompile Include="apic.cpp">
      <Filter>源文件</Filter>
    </ClCompile>
    <ClCompile Include="elf.cpp">
      <Filter>源文件</Filter>
    </ClCompile>
    <ClCompile Include="ext\ext.cpp">
      <Filter>源文件\ext</Filter>
    </ClCompile>
  </ItemGroup>
  <ItemGroup>
    <ClInclude Include="Kernel.h">
      <Filter>头文件</Filter>
    </ClInclude>
    <ClInclude Include="descriptor.h">
      <Filter>头文件</Filter>
    </ClInclude>
    <ClInclude Include="def.h">
      <Filter>头文件</Filter>
    </ClInclude>
    <ClInclude Include="task.h">
      <Filter>头文件</Filter>
    </ClInclude>
    <ClInclude Include="video.h">
      <Filter>头文件</Filter>
    </ClInclude>
    <ClInclude Include="Utils.h">
      <Filter>头文件</Filter>
    </ClInclude>
    <ClInclude Include="mouse.h">
      <Filter>头文件</Filter>
    </ClInclude>
    <ClInclude Include="pci.h">
      <Filter>头文件</Filter>
    </ClInclude>
    <ClInclude Include="Pe.h">
      <Filter>头文件</Filter>
    </ClInclude>
    <ClInclude Include="sectorReader.h">
      <Filter>头文件</Filter>
    </ClInclude>
    <ClInclude Include="satadriver.h">
      <Filter>头文件</Filter>
    </ClInclude>
    <ClInclude Include="fat32\FAT32.h">
      <Filter>头文件\fat32</Filter>
    </ClInclude>
    <ClInclude Include="fat32\FileUtils.h">
      <Filter>头文件\fat32</Filter>
    </ClInclude>
    <ClInclude Include="fat32\FAT32Utils.h">
      <Filter>头文件\fat32</Filter>
    </ClInclude>
    <ClInclude Include="fat32\Fat32File.h">
      <Filter>头文件\fat32</Filter>
    </ClInclude>
    <ClInclude Include="file.h">
      <Filter>头文件</Filter>
    </ClInclude>
    <ClInclude Include="NTFS\ntfs.h">
      <Filter>头文件\NTFS</Filter>
    </ClInclude>
    <ClInclude Include="NTFS\ntfsFile.h">
      <Filter>头文件\NTFS</Filter>
    </ClInclude>
    <ClInclude Include="atapi.h">
      <Filter>头文件</Filter>
    </ClInclude>
    <ClInclude Include="debugger.h">
      <Filter>头文件</Filter>
    </ClInclude>
    <ClInclude Include="system.h">
      <Filter>头文件</Filter>
    </ClInclude>
    <ClInclude Include="keyboard.h">
      <Filter>头文件</Filter>
    </ClInclude>
    <ClInclude Include="screenUtils.h">
      <Filter>头文件</Filter>
    </ClInclude>
    <ClInclude Include="floppy.h">
      <Filter>头文件</Filter>
    </ClInclude>
    <ClInclude Include="cmosAlarm.h">
      <Filter>头文件</Filter>
    </ClInclude>
    <ClInclude Include="hardware.h">
      <Filter>头文件</Filter>
    </ClInclude>
    <ClInclude Include="rs232.h">
      <Filter>头文件</Filter>
    </ClInclude>
    <ClInclude Include="v86.h">
      <Filter>头文件</Filter>
    </ClInclude>
    <ClInclude Include="speaker.h">
      <Filter>头文件</Filter>
    </ClInclude>
    <ClInclude Include="dosProcess.h">
      <Filter>头文件</Filter>
    </ClInclude>
    <ClInclude Include="window.h">
      <Filter>头文件</Filter>
    </ClInclude>
    <ClInclude Include="soundBlaster\sbPlay.h">
      <Filter>头文件\soundBlaster</Filter>
    </ClInclude>
    <ClInclude Include="ios9660\ios9660.h">
      <Filter>头文件\ios9660</Filter>
    </ClInclude>
    <ClInclude Include="gdi.h">
      <Filter>头文件</Filter>
    </ClInclude>
    <ClInclude Include="exception.h">
      <Filter>头文件</Filter>
    </ClInclude>
    <ClInclude Include="cmosTimer.h">
      <Filter>头文件</Filter>
    </ClInclude>
    <ClInclude Include="servicesProc.h">
      <Filter>头文件</Filter>
    </ClInclude>
    <ClInclude Include="slab.h">
      <Filter>头文件</Filter>
    </ClInclude>
    <ClInclude Include="ListEntry.h">
      <Filter>头文件</Filter>
    </ClInclude>
    <ClInclude Include="peVirtual.h">
      <Filter>头文件</Filter>
    </ClInclude>
    <ClInclude Include="systemTimer.h">
      <Filter>头文件</Filter>
    </ClInclude>
    <ClInclude Include="page.h">
      <Filter>头文件</Filter>
    </ClInclude>
    <ClInclude Include="Thread.h">
      <Filter>头文件</Filter>
    </ClInclude>
    <ClInclude Include="coprocessor.h">
      <Filter>头文件</Filter>
    </ClInclude>
    <ClInclude Include="math.h">
      <Filter>头文件</Filter>
    </ClInclude>
    <ClInclude Include="memory.h">
      <Filter>头文件</Filter>
    </ClInclude>
    <ClInclude Include="process.h">
      <Filter>头文件</Filter>
    </ClInclude>
    <ClInclude Include="PEresource.h">
      <Filter>头文件</Filter>
    </ClInclude>
    <ClInclude Include="hpet.h">
      <Filter>头文件</Filter>
    </ClInclude>
    <ClInclude Include="acpi.h">
      <Filter>头文件</Filter>
    </ClInclude>
    <ClInclude Include="apic.h">
      <Filter>头文件</Filter>
    </ClInclude>
    <ClInclude Include="elf.h">
      <Filter>头文件</Filter>
    </ClInclude>
    <ClInclude Include="ext\ext.h">
      <Filter>头文件\ext</Filter>
    </ClInclude>
  </ItemGroup>
</Project>